
Microsoft Visual Studio Solution File, Format Version 12.00
# Visual Studio 15
VisualStudioVersion = 15.0.27130.2036
MinimumVisualStudioVersion = 10.0.40219.1
Project("{9A19103F-16F7-4668-BE54-9A1E7A4F7556}") = "ContainerService.App", "ContainerService.App\ContainerService.App.csproj", "{107BE84D-AA1B-47C3-9210-C4E5725DDE9A}"
EndProject
Global
	GlobalSection(SolutionConfigurationPlatforms) = preSolution
		Debug|Any CPU = Debug|Any CPU
		Release|Any CPU = Release|Any CPU
	EndGlobalSection
	GlobalSection(ProjectConfigurationPlatforms) = postSolution
		{107BE84D-AA1B-47C3-9210-C4E5725DDE9A}.Debug|Any CPU.ActiveCfg = Debug|Any CPU
		{107BE84D-AA1B-47C3-9210-C4E5725DDE9A}.Debug|Any CPU.Build.0 = Debug|Any CPU
		{107BE84D-AA1B-47C3-9210-C4E5725DDE9A}.Release|Any CPU.ActiveCfg = Release|Any CPU
		{107BE84D-AA1B-47C3-9210-C4E5725DDE9A}.Release|Any CPU.Build.0 = Release|Any CPU
	EndGlobalSection
	GlobalSection(SolutionProperties) = preSolution
		HideSolutionNode = FALSE
	EndGlobalSection
	GlobalSection(ExtensibilityGlobals) = postSolution
		SolutionGuid = {22790309-7DB0-427A-9F82-5CA3840192BE}
	EndGlobalSection
EndGlobal
